
Microsoft Visual Studio Solution File, Format Version 12.00
# Visual Studio Version 16
VisualStudioVersion = 16.0.29911.98
MinimumVisualStudioVersion = 10.0.40219.1
Project("{FAE04EC0-301F-11D3-BF4B-00C04F79EFBC}") = "XamTraining.UWP", "XamTraining.UWP\XamTraining.UWP.csproj", "{1DC3F300-CE38-4B11-9569-37C5D789DA15}"
EndProject
Project("{FAE04EC0-301F-11D3-BF4B-00C04F79EFBC}") = "XamTraining.Android", "XamTraining.Android\XamTraining.Android.csproj", "{5305436B-B29A-41DF-9615-7A77F8402842}"
EndProject
Project("{FAE04EC0-301F-11D3-BF4B-00C04F79EFBC}") = "XamTraining.iOS", "XamTraining.iOS\XamTraining.iOS.csproj", "{5148C7E7-C26F-4081-B40A-359C84D2B456}"
EndProject
Project("{FAE04EC0-301F-11D3-BF4B-00C04F79EFBC}") = "XamTraining", "XamTraining\XamTraining.csproj", "{2A473BBD-7C8E-4B4A-86CC-D25E12A6B9E6}"
EndProject
Global
	GlobalSection(SolutionConfigurationPlatforms) = preSolution
		Debug|Any CPU = Debug|Any CPU
		Debug|ARM = Debug|ARM
		Debug|iPhone = Debug|iPhone
		Debug|iPhoneSimulator = Debug|iPhoneSimulator
		Debug|x64 = Debug|x64
		Debug|x86 = Debug|x86
		Release|Any CPU = Release|Any CPU
		Release|ARM = Release|ARM
		Release|iPhone = Release|iPhone
		Release|iPhoneSimulator = Release|iPhoneSimulator
		Release|x64 = Release|x64
		Release|x86 = Release|x86
	EndGlobalSection
	GlobalSection(ProjectConfigurationPlatforms) = postSolution
		{1DC3F300-CE38-4B11-9569-37C5D789DA15}.Debug|Any CPU.ActiveCfg = Debug|x86
		{1DC3F300-CE38-4B11-9569-37C5D789DA15}.Debug|Any CPU.Build.0 = Debug|x86
		{1DC3F300-CE38-4B11-9569-37C5D789DA15}.Debug|Any CPU.Deploy.0 = Debug|x86
		{1DC3F300-CE38-4B11-9569-37C5D789DA15}.Debug|ARM.ActiveCfg = Debug|ARM
		{1DC3F300-CE38-4B11-9569-37C5D789DA15}.Debug|ARM.Build.0 = Debug|ARM
		{1DC3F300-CE38-4B11-9569-37C5D789DA15}.Debug|ARM.Deploy.0 = Debug|ARM
		{1DC3F300-CE38-4B11-9569-37C5D789DA15}.Debug|iPhone.ActiveCfg = Debug|x86
		{1DC3F300-CE38-4B11-9569-37C5D789DA15}.Debug|iPhone.Build.0 = Debug|x86
		{1DC3F300-CE38-4B11-9569-37C5D789DA15}.Debug|iPhone.Deploy.0 = Debug|x86
		{1DC3F300-CE38-4B11-9569-37C5D789DA15}.Debug|iPhoneSimulator.ActiveCfg = Debug|x86
		{1DC3F300-CE38-4B11-9569-37C5D789DA15}.Debug|iPhoneSimulator.Build.0 = Debug|x86
		{1DC3F300-CE38-4B11-9569-37C5D789DA15}.Debug|iPhoneSimulator.Deploy.0 = Debug|x86
		{1DC3F300-CE38-4B11-9569-37C5D789DA15}.Debug|x64.ActiveCfg = Debug|x64
		{1DC3F300-CE38-4B11-9569-37C5D789DA15}.Debug|x64.Build.0 = Debug|x64
		{1DC3F300-CE38-4B11-9569-37C5D789DA15}.Debug|x64.Deploy.0 = Debug|x64
		{1DC3F300-CE38-4B11-9569-37C5D789DA15}.Debug|x86.ActiveCfg = Debug|x86
		{1DC3F300-CE38-4B11-9569-37C5D789DA15}.Debug|x86.Build.0 = Debug|x86
		{1DC3F300-CE38-4B11-9569-37C5D789DA15}.Debug|x86.Deploy.0 = Debug|x86
		{1DC3F300-CE38-4B11-9569-37C5D789DA15}.Release|Any CPU.ActiveCfg = Release|x86
		{1DC3F300-CE38-4B11-9569-37C5D789DA15}.Release|Any CPU.Build.0 = Release|x86
		{1DC3F300-CE38-4B11-9569-37C5D789DA15}.Release|Any CPU.Deploy.0 = Release|x86
		{1DC3F300-CE38-4B11-9569-37C5D789DA15}.Release|ARM.ActiveCfg = Release|ARM
		{1DC3F300-CE38-4B11-9569-37C5D789DA15}.Release|ARM.Build.0 = Release|ARM
		{1DC3F300-CE38-4B11-9569-37C5D789DA15}.Release|ARM.Deploy.0 = Release|ARM
		{1DC3F300-CE38-4B11-9569-37C5D789DA15}.Release|iPhone.ActiveCfg = Release|x86
		{1DC3F300-CE38-4B11-9569-37C5D789DA15}.Release|iPhone.Build.0 = Release|x86
		{1DC3F300-CE38-4B11-9569-37C5D789DA15}.Release|iPhone.Deploy.0 = Release|x86
		{1DC3F300-CE38-4B11-9569-37C5D789DA15}.Release|iPhoneSimulator.ActiveCfg = Release|x86
		{1DC3F300-CE38-4B11-9569-37C5D789DA15}.Release|iPhoneSimulator.Build.0 = Release|x86
		{1DC3F300-CE38-4B11-9569-37C5D789DA15}.Release|iPhoneSimulator.Deploy.0 = Release|x86
		{1DC3F300-CE38-4B11-9569-37C5D789DA15}.Release|x64.ActiveCfg = Release|x64
		{1DC3F300-CE38-4B11-9569-37C5D789DA15}.Release|x64.Build.0 = Release|x64
		{1DC3F300-CE38-4B11-9569-37C5D789DA15}.Release|x64.Deploy.0 = Release|x64
		{1DC3F300-CE38-4B11-9569-37C5D789DA15}.Release|x86.ActiveCfg = Release|x86
		{1DC3F300-CE38-4B11-9569-37C5D789DA15}.Release|x86.Build.0 = Release|x86
		{1DC3F300-CE38-4B11-9569-37C5D789DA15}.Release|x86.Deploy.0 = Release|x86
		{5305436B-B29A-41DF-9615-7A77F8402842}.Debug|Any CPU.ActiveCfg = Debug|Any CPU
		{5305436B-B29A-41DF-9615-7A77F8402842}.Debug|Any CPU.Build.0 = Debug|Any CPU
		{5305436B-B29A-41DF-9615-7A77F8402842}.Debug|Any CPU.Deploy.0 = Debug|Any CPU
		{5305436B-B29A-41DF-9615-7A77F8402842}.Debug|ARM.ActiveCfg = Debug|Any CPU
		{5305436B-B29A-41DF-9615-7A77F8402842}.Debug|ARM.Build.0 = Debug|Any CPU
		{5305436B-B29A-41DF-9615-7A77F8402842}.Debug|ARM.Deploy.0 = Debug|Any CPU
		{5305436B-B29A-41DF-9615-7A77F8402842}.Debug|iPhone.ActiveCfg = Debug|Any CPU
		{5305436B-B29A-41DF-9615-7A77F8402842}.Debug|iPhone.Build.0 = Debug|Any CPU
		{5305436B-B29A-41DF-9615-7A77F8402842}.Debug|iPhone.Deploy.0 = Debug|Any CPU
		{5305436B-B29A-41DF-9615-7A77F8402842}.Debug|iPhoneSimulator.ActiveCfg = Debug|Any CPU
		{5305436B-B29A-41DF-9615-7A77F8402842}.Debug|iPhoneSimulator.Build.0 = Debug|Any CPU
		{5305436B-B29A-41DF-9615-7A77F8402842}.Debug|iPhoneSimulator.Deploy.0 = Debug|Any CPU
		{5305436B-B29A-41DF-9615-7A77F8402842}.Debug|x64.ActiveCfg = Debug|Any CPU
		{5305436B-B29A-41DF-9615-7A77F8402842}.Debug|x64.Build.0 = Debug|Any CPU
		{5305436B-B29A-41DF-9615-7A77F8402842}.Debug|x64.Deploy.0 = Debug|Any CPU
		{5305436B-B29A-41DF-9615-7A77F8402842}.Debug|x86.ActiveCfg = Debug|Any CPU
		{5305436B-B29A-41DF-9615-7A77F8402842}.Debug|x86.Build.0 = Debug|Any CPU
		{5305436B-B29A-41DF-9615-7A77F8402842}.Debug|x86.Deploy.0 = Debug|Any CPU
		{5305436B-B29A-41DF-9615-7A77F8402842}.Release|Any CPU.ActiveCfg = Release|Any CPU
		{5305436B-B29A-41DF-9615-7A77F8402842}.Release|Any CPU.Build.0 = Release|Any CPU
		{5305436B-B29A-41DF-9615-7A77F8402842}.Release|Any CPU.Deploy.0 = Release|Any CPU
		{5305436B-B29A-41DF-9615-7A77F8402842}.Release|ARM.ActiveCfg = Release|Any CPU
		{5305436B-B29A-41DF-9615-7A77F8402842}.Release|ARM.Build.0 = Release|Any CPU
		{5305436B-B29A-41DF-9615-7A77F8402842}.Release|ARM.Deploy.0 = Release|Any CPU
		{5305436B-B29A-41DF-9615-7A77F8402842}.Release|iPhone.ActiveCfg = Release|Any CPU
		{5305436B-B29A-41DF-9615-7A77F8402842}.Release|iPhone.Build.0 = Release|Any CPU
		{5305436B-B29A-41DF-9615-7A77F8402842}.Release|iPhone.Deploy.0 = Release|Any CPU
		{5305436B-B29A-41DF-9615-7A77F8402842}.Release|iPhoneSimulator.ActiveCfg = Release|Any CPU
		{5305436B-B29A-41DF-9615-7A77F8402842}.Release|iPhoneSimulator.Build.0 = Release|Any CPU
		{5305436B-B29A-41DF-9615-7A77F8402842}.Release|iPhoneSimulator.Deploy.0 = Release|Any CPU
		{5305436B-B29A-41DF-9615-7A77F8402842}.Release|x64.ActiveCfg = Release|Any CPU
		{5305436B-B29A-41DF-9615-7A77F8402842}.Release|x64.Build.0 = Release|Any CPU
		{5305436B-B29A-41DF-9615-7A77F8402842}.Release|x64.Deploy.0 = Release|Any CPU
		{5305436B-B29A-41DF-9615-7A77F8402842}.Release|x86.ActiveCfg = Release|Any CPU
		{5305436B-B29A-41DF-9615-7A77F8402842}.Release|x86.Build.0 = Release|Any CPU
		{5305436B-B29A-41DF-9615-7A77F8402842}.Release|x86.Deploy.0 = Release|Any CPU
		{5148C7E7-C26F-4081-B40A-359C84D2B456}.Debug|Any CPU.ActiveCfg = Debug|iPhone
		{5148C7E7-C26F-4081-B40A-359C84D2B456}.Debug|Any CPU.Build.0 = Debug|iPhone
		{5148C7E7-C26F-4081-B40A-359C84D2B456}.Debug|Any CPU.Deploy.0 = Debug|iPhone
		{5148C7E7-C26F-4081-B40A-359C84D2B456}.Debug|ARM.ActiveCfg = Debug|iPhone
		{5148C7E7-C26F-4081-B40A-359C84D2B456}.Debug|ARM.Build.0 = Debug|iPhone
		{5148C7E7-C26F-4081-B40A-359C84D2B456}.Debug|ARM.Deploy.0 = Debug|iPhone
		{5148C7E7-C26F-4081-B40A-359C84D2B456}.Debug|iPhone.ActiveCfg = Debug|iPhone
		{5148C7E7-C26F-4081-B40A-359C84D2B456}.Debug|iPhone.Build.0 = Debug|iPhone
		{5148C7E7-C26F-4081-B40A-359C84D2B456}.Debug|iPhone.Deploy.0 = Debug|iPhone
		{5148C7E7-C26F-4081-B40A-359C84D2B456}.Debug|iPhoneSimulator.ActiveCfg = Debug|iPhoneSimulator
		{5148C7E7-C26F-4081-B40A-359C84D2B456}.Debug|iPhoneSimulator.Build.0 = Debug|iPhoneSimulator
		{5148C7E7-C26F-4081-B40A-359C84D2B456}.Debug|iPhoneSimulator.Deploy.0 = Debug|iPhoneSimulator
		{5148C7E7-C26F-4081-B40A-359C84D2B456}.Debug|x64.ActiveCfg = Debug|iPhone
		{5148C7E7-C26F-4081-B40A-359C84D2B456}.Debug|x64.Build.0 = Debug|iPhone
		{5148C7E7-C26F-4081-B40A-359C84D2B456}.Debug|x64.Deploy.0 = Debug|iPhone
		{5148C7E7-C26F-4081-B40A-359C84D2B456}.Debug|x86.ActiveCfg = Debug|iPhone
		{5148C7E7-C26F-4081-B40A-359C84D2B456}.Debug|x86.Build.0 = Debug|iPhone
		{5148C7E7-C26F-4081-B40A-359C84D2B456}.Debug|x86.Deploy.0 = Debug|iPhone
		{5148C7E7-C26F-4081-B40A-359C84D2B456}.Release|Any CPU.ActiveCfg = Release|iPhone
		{5148C7E7-C26F-4081-B40A-359C84D2B456}.Release|Any CPU.Build.0 = Release|iPhone
		{5148C7E7-C26F-4081-B40A-359C84D2B456}.Release|Any CPU.Deploy.0 = Release|iPhone
		{5148C7E7-C26F-4081-B40A-359C84D2B456}.Release|ARM.ActiveCfg = Release|iPhone
		{5148C7E7-C26F-4081-B40A-359C84D2B456}.Release|ARM.Build.0 = Release|iPhone
		{5148C7E7-C26F-4081-B40A-359C84D2B456}.Release|ARM.Deploy.0 = Release|iPhone
		{5148C7E7-C26F-4081-B40A-359C84D2B456}.Release|iPhone.ActiveCfg = Release|iPhone
		{5148C7E7-C26F-4081-B40A-359C84D2B456}.Release|iPhone.Build.0 = Release|iPhone
		{5148C7E7-C26F-4081-B40A-359C84D2B456}.Release|iPhone.Deploy.0 = Release|iPhone
		{5148C7E7-C26F-4081-B40A-359C84D2B456}.Release|iPhoneSimulator.ActiveCfg = Release|iPhoneSimulator
		{5148C7E7-C26F-4081-B40A-359C84D2B456}.Release|iPhoneSimulator.Build.0 = Release|iPhoneSimulator
		{5148C7E7-C26F-4081-B40A-359C84D2B456}.Release|iPhoneSimulator.Deploy.0 = Release|iPhoneSimulator
		{5148C7E7-C26F-4081-B40A-359C84D2B456}.Release|x64.ActiveCfg = Release|iPhone
		{5148C7E7-C26F-4081-B40A-359C84D2B456}.Release|x64.Build.0 = Release|iPhone
		{5148C7E7-C26F-4081-B40A-359C84D2B456}.Release|x64.Deploy.0 = Release|iPhone
		{5148C7E7-C26F-4081-B40A-359C84D2B456}.Release|x86.ActiveCfg = Release|iPhone
		{5148C7E7-C26F-4081-B40A-359C84D2B456}.Release|x86.Build.0 = Release|iPhone
		{5148C7E7-C26F-4081-B40A-359C84D2B456}.Release|x86.Deploy.0 = Release|iPhone
		{2A473BBD-7C8E-4B4A-86CC-D25E12A6B9E6}.Debug|Any CPU.ActiveCfg = Debug|Any CPU
		{2A473BBD-7C8E-4B4A-86CC-D25E12A6B9E6}.Debug|Any CPU.Build.0 = Debug|Any CPU
		{2A473BBD-7C8E-4B4A-86CC-D25E12A6B9E6}.Debug|Any CPU.Deploy.0 = Debug|Any CPU
		{2A473BBD-7C8E-4B4A-86CC-D25E12A6B9E6}.Debug|ARM.ActiveCfg = Debug|Any CPU
		{2A473BBD-7C8E-4B4A-86CC-D25E12A6B9E6}.Debug|ARM.Build.0 = Debug|Any CPU
		{2A473BBD-7C8E-4B4A-86CC-D25E12A6B9E6}.Debug|ARM.Deploy.0 = Debug|Any CPU
		{2A473BBD-7C8E-4B4A-86CC-D25E12A6B9E6}.Debug|iPhone.ActiveCfg = Debug|Any CPU
		{2A473BBD-7C8E-4B4A-86CC-D25E12A6B9E6}.Debug|iPhone.Build.0 = Debug|Any CPU
		{2A473BBD-7C8E-4B4A-86CC-D25E12A6B9E6}.Debug|iPhone.Deploy.0 = Debug|Any CPU
		{2A473BBD-7C8E-4B4A-86CC-D25E12A6B9E6}.Debug|iPhoneSimulator.ActiveCfg = Debug|Any CPU
		{2A473BBD-7C8E-4B4A-86CC-D25E12A6B9E6}.Debug|iPhoneSimulator.Build.0 = Debug|Any CPU
		{2A473BBD-7C8E-4B4A-86CC-D25E12A6B9E6}.Debug|iPhoneSimulator.Deploy.0 = Debug|Any CPU
		{2A473BBD-7C8E-4B4A-86CC-D25E12A6B9E6}.Debug|x64.ActiveCfg = Debug|Any CPU
		{2A473BBD-7C8E-4B4A-86CC-D25E12A6B9E6}.Debug|x64.Build.0 = Debug|Any CPU
		{2A473BBD-7C8E-4B4A-86CC-D25E12A6B9E6}.Debug|x64.Deploy.0 = Debug|Any CPU
		{2A473BBD-7C8E-4B4A-86CC-D25E12A6B9E6}.Debug|x86.ActiveCfg = Debug|Any CPU
		{2A473BBD-7C8E-4B4A-86CC-D25E12A6B9E6}.Debug|x86.Build.0 = Debug|Any CPU
		{2A473BBD-7C8E-4B4A-86CC-D25E12A6B9E6}.Debug|x86.Deploy.0 = Debug|Any CPU
		{2A473BBD-7C8E-4B4A-86CC-D25E12A6B9E6}.Release|Any CPU.ActiveCfg = Release|Any CPU
		{2A473BBD-7C8E-4B4A-86CC-D25E12A6B9E6}.Release|Any CPU.Build.0 = Release|Any CPU
		{2A473BBD-7C8E-4B4A-86CC-D25E12A6B9E6}.Release|Any CPU.Deploy.0 = Release|Any CPU
		{2A473BBD-7C8E-4B4A-86CC-D25E12A6B9E6}.Release|ARM.ActiveCfg = Release|Any CPU
		{2A473BBD-7C8E-4B4A-86CC-D25E12A6B9E6}.Release|ARM.Build.0 = Release|Any CPU
		{2A473BBD-7C8E-4B4A-86CC-D25E12A6B9E6}.Release|ARM.Deploy.0 = Release|Any CPU
		{2A473BBD-7C8E-4B4A-86CC-D25E12A6B9E6}.Release|iPhone.ActiveCfg = Release|Any CPU
		{2A473BBD-7C8E-4B4A-86CC-D25E12A6B9E6}.Release|iPhone.Build.0 = Release|Any CPU
		{2A473BBD-7C8E-4B4A-86CC-D25E12A6B9E6}.Release|iPhone.Deploy.0 = Release|Any CPU
		{2A473BBD-7C8E-4B4A-86CC-D25E12A6B9E6}.Release|iPhoneSimulator.ActiveCfg = Release|Any CPU
		{2A473BBD-7C8E-4B4A-86CC-D25E12A6B9E6}.Release|iPhoneSimulator.Build.0 = Release|Any CPU
		{2A473BBD-7C8E-4B4A-86CC-D25E12A6B9E6}.Release|iPhoneSimulator.Deploy.0 = Release|Any CPU
		{2A473BBD-7C8E-4B4A-86CC-D25E12A6B9E6}.Release|x64.ActiveCfg = Release|Any CPU
		{2A473BBD-7C8E-4B4A-86CC-D25E12A6B9E6}.Release|x64.Build.0 = Release|Any CPU
		{2A473BBD-7C8E-4B4A-86CC-D25E12A6B9E6}.Release|x64.Deploy.0 = Release|Any CPU
		{2A473BBD-7C8E-4B4A-86CC-D25E12A6B9E6}.Release|x86.ActiveCfg = Release|Any CPU
		{2A473BBD-7C8E-4B4A-86CC-D25E12A6B9E6}.Release|x86.Build.0 = Release|Any CPU
		{2A473BBD-7C8E-4B4A-86CC-D25E12A6B9E6}.Release|x86.Deploy.0 = Release|Any CPU
	EndGlobalSection
	GlobalSection(SolutionProperties) = preSolution
		HideSolutionNode = FALSE
	EndGlobalSection
	GlobalSection(ExtensibilityGlobals) = postSolution
		SolutionGuid = {A5BCA0B6-3EA3-40C5-9859-63C5CA5C645A}
	EndGlobalSection
EndGlobal
