
Microsoft Visual Studio Solution File, Format Version 12.00
# Visual Studio Version 16
VisualStudioVersion = 16.0.29911.98
MinimumVisualStudioVersion = 10.0.40219.1
Project("{FAE04EC0-301F-11D3-BF4B-00C04F79EFBC}") = "PocDevelops.UWP", "PocDevelops.UWP\PocDevelops.UWP.csproj", "{DB917BC0-ED69-413F-BA8F-C67BA012506D}"
EndProject
Project("{FAE04EC0-301F-11D3-BF4B-00C04F79EFBC}") = "PocDevelops.Android", "PocDevelops.Android\PocDevelops.Android.csproj", "{510B2C24-D5F0-42F0-9475-A4EC57A3C505}"
EndProject
Project("{FAE04EC0-301F-11D3-BF4B-00C04F79EFBC}") = "PocDevelops.iOS", "PocDevelops.iOS\PocDevelops.iOS.csproj", "{16E126F1-90AA-4F8B-B78E-07031C6AB6CD}"
EndProject
Project("{9A19103F-16F7-4668-BE54-9A1E7A4F7556}") = "PocDevelops", "PocDevelops\PocDevelops.csproj", "{8C96B8C7-1DEA-4E3F-978F-10D0B1B7CA9F}"
EndProject
Global
	GlobalSection(SolutionConfigurationPlatforms) = preSolution
		Debug|Any CPU = Debug|Any CPU
		Debug|ARM = Debug|ARM
		Debug|iPhone = Debug|iPhone
		Debug|iPhoneSimulator = Debug|iPhoneSimulator
		Debug|x64 = Debug|x64
		Debug|x86 = Debug|x86
		Release|Any CPU = Release|Any CPU
		Release|ARM = Release|ARM
		Release|iPhone = Release|iPhone
		Release|iPhoneSimulator = Release|iPhoneSimulator
		Release|x64 = Release|x64
		Release|x86 = Release|x86
	EndGlobalSection
	GlobalSection(ProjectConfigurationPlatforms) = postSolution
		{DB917BC0-ED69-413F-BA8F-C67BA012506D}.Debug|Any CPU.ActiveCfg = Debug|x86
		{DB917BC0-ED69-413F-BA8F-C67BA012506D}.Debug|Any CPU.Build.0 = Debug|x86
		{DB917BC0-ED69-413F-BA8F-C67BA012506D}.Debug|Any CPU.Deploy.0 = Debug|x86
		{DB917BC0-ED69-413F-BA8F-C67BA012506D}.Debug|ARM.ActiveCfg = Debug|ARM
		{DB917BC0-ED69-413F-BA8F-C67BA012506D}.Debug|ARM.Build.0 = Debug|ARM
		{DB917BC0-ED69-413F-BA8F-C67BA012506D}.Debug|ARM.Deploy.0 = Debug|ARM
		{DB917BC0-ED69-413F-BA8F-C67BA012506D}.Debug|iPhone.ActiveCfg = Debug|x86
		{DB917BC0-ED69-413F-BA8F-C67BA012506D}.Debug|iPhone.Build.0 = Debug|x86
		{DB917BC0-ED69-413F-BA8F-C67BA012506D}.Debug|iPhone.Deploy.0 = Debug|x86
		{DB917BC0-ED69-413F-BA8F-C67BA012506D}.Debug|iPhoneSimulator.ActiveCfg = Debug|x86
		{DB917BC0-ED69-413F-BA8F-C67BA012506D}.Debug|iPhoneSimulator.Build.0 = Debug|x86
		{DB917BC0-ED69-413F-BA8F-C67BA012506D}.Debug|iPhoneSimulator.Deploy.0 = Debug|x86
		{DB917BC0-ED69-413F-BA8F-C67BA012506D}.Debug|x64.ActiveCfg = Debug|x64
		{DB917BC0-ED69-413F-BA8F-C67BA012506D}.Debug|x64.Build.0 = Debug|x64
		{DB917BC0-ED69-413F-BA8F-C67BA012506D}.Debug|x64.Deploy.0 = Debug|x64
		{DB917BC0-ED69-413F-BA8F-C67BA012506D}.Debug|x86.ActiveCfg = Debug|x86
		{DB917BC0-ED69-413F-BA8F-C67BA012506D}.Debug|x86.Build.0 = Debug|x86
		{DB917BC0-ED69-413F-BA8F-C67BA012506D}.Debug|x86.Deploy.0 = Debug|x86
		{DB917BC0-ED69-413F-BA8F-C67BA012506D}.Release|Any CPU.ActiveCfg = Release|x86
		{DB917BC0-ED69-413F-BA8F-C67BA012506D}.Release|Any CPU.Build.0 = Release|x86
		{DB917BC0-ED69-413F-BA8F-C67BA012506D}.Release|Any CPU.Deploy.0 = Release|x86
		{DB917BC0-ED69-413F-BA8F-C67BA012506D}.Release|ARM.ActiveCfg = Release|ARM
		{DB917BC0-ED69-413F-BA8F-C67BA012506D}.Release|ARM.Build.0 = Release|ARM
		{DB917BC0-ED69-413F-BA8F-C67BA012506D}.Release|ARM.Deploy.0 = Release|ARM
		{DB917BC0-ED69-413F-BA8F-C67BA012506D}.Release|iPhone.ActiveCfg = Release|x86
		{DB917BC0-ED69-413F-BA8F-C67BA012506D}.Release|iPhone.Build.0 = Release|x86
		{DB917BC0-ED69-413F-BA8F-C67BA012506D}.Release|iPhone.Deploy.0 = Release|x86
		{DB917BC0-ED69-413F-BA8F-C67BA012506D}.Release|iPhoneSimulator.ActiveCfg = Release|x86
		{DB917BC0-ED69-413F-BA8F-C67BA012506D}.Release|iPhoneSimulator.Build.0 = Release|x86
		{DB917BC0-ED69-413F-BA8F-C67BA012506D}.Release|iPhoneSimulator.Deploy.0 = Release|x86
		{DB917BC0-ED69-413F-BA8F-C67BA012506D}.Release|x64.ActiveCfg = Release|x64
		{DB917BC0-ED69-413F-BA8F-C67BA012506D}.Release|x64.Build.0 = Release|x64
		{DB917BC0-ED69-413F-BA8F-C67BA012506D}.Release|x64.Deploy.0 = Release|x64
		{DB917BC0-ED69-413F-BA8F-C67BA012506D}.Release|x86.ActiveCfg = Release|x86
		{DB917BC0-ED69-413F-BA8F-C67BA012506D}.Release|x86.Build.0 = Release|x86
		{DB917BC0-ED69-413F-BA8F-C67BA012506D}.Release|x86.Deploy.0 = Release|x86
		{510B2C24-D5F0-42F0-9475-A4EC57A3C505}.Debug|Any CPU.ActiveCfg = Debug|Any CPU
		{510B2C24-D5F0-42F0-9475-A4EC57A3C505}.Debug|Any CPU.Build.0 = Debug|Any CPU
		{510B2C24-D5F0-42F0-9475-A4EC57A3C505}.Debug|Any CPU.Deploy.0 = Debug|Any CPU
		{510B2C24-D5F0-42F0-9475-A4EC57A3C505}.Debug|ARM.ActiveCfg = Debug|Any CPU
		{510B2C24-D5F0-42F0-9475-A4EC57A3C505}.Debug|ARM.Build.0 = Debug|Any CPU
		{510B2C24-D5F0-42F0-9475-A4EC57A3C505}.Debug|ARM.Deploy.0 = Debug|Any CPU
		{510B2C24-D5F0-42F0-9475-A4EC57A3C505}.Debug|iPhone.ActiveCfg = Debug|Any CPU
		{510B2C24-D5F0-42F0-9475-A4EC57A3C505}.Debug|iPhone.Build.0 = Debug|Any CPU
		{510B2C24-D5F0-42F0-9475-A4EC57A3C505}.Debug|iPhone.Deploy.0 = Debug|Any CPU
		{510B2C24-D5F0-42F0-9475-A4EC57A3C505}.Debug|iPhoneSimulator.ActiveCfg = Debug|Any CPU
		{510B2C24-D5F0-42F0-9475-A4EC57A3C505}.Debug|iPhoneSimulator.Build.0 = Debug|Any CPU
		{510B2C24-D5F0-42F0-9475-A4EC57A3C505}.Debug|iPhoneSimulator.Deploy.0 = Debug|Any CPU
		{510B2C24-D5F0-42F0-9475-A4EC57A3C505}.Debug|x64.ActiveCfg = Debug|Any CPU
		{510B2C24-D5F0-42F0-9475-A4EC57A3C505}.Debug|x64.Build.0 = Debug|Any CPU
		{510B2C24-D5F0-42F0-9475-A4EC57A3C505}.Debug|x64.Deploy.0 = Debug|Any CPU
		{510B2C24-D5F0-42F0-9475-A4EC57A3C505}.Debug|x86.ActiveCfg = Debug|Any CPU
		{510B2C24-D5F0-42F0-9475-A4EC57A3C505}.Debug|x86.Build.0 = Debug|Any CPU
		{510B2C24-D5F0-42F0-9475-A4EC57A3C505}.Debug|x86.Deploy.0 = Debug|Any CPU
		{510B2C24-D5F0-42F0-9475-A4EC57A3C505}.Release|Any CPU.ActiveCfg = Release|Any CPU
		{510B2C24-D5F0-42F0-9475-A4EC57A3C505}.Release|Any CPU.Build.0 = Release|Any CPU
		{510B2C24-D5F0-42F0-9475-A4EC57A3C505}.Release|Any CPU.Deploy.0 = Release|Any CPU
		{510B2C24-D5F0-42F0-9475-A4EC57A3C505}.Release|ARM.ActiveCfg = Release|Any CPU
		{510B2C24-D5F0-42F0-9475-A4EC57A3C505}.Release|ARM.Build.0 = Release|Any CPU
		{510B2C24-D5F0-42F0-9475-A4EC57A3C505}.Release|ARM.Deploy.0 = Release|Any CPU
		{510B2C24-D5F0-42F0-9475-A4EC57A3C505}.Release|iPhone.ActiveCfg = Release|Any CPU
		{510B2C24-D5F0-42F0-9475-A4EC57A3C505}.Release|iPhone.Build.0 = Release|Any CPU
		{510B2C24-D5F0-42F0-9475-A4EC57A3C505}.Release|iPhone.Deploy.0 = Release|Any CPU
		{510B2C24-D5F0-42F0-9475-A4EC57A3C505}.Release|iPhoneSimulator.ActiveCfg = Release|Any CPU
		{510B2C24-D5F0-42F0-9475-A4EC57A3C505}.Release|iPhoneSimulator.Build.0 = Release|Any CPU
		{510B2C24-D5F0-42F0-9475-A4EC57A3C505}.Release|iPhoneSimulator.Deploy.0 = Release|Any CPU
		{510B2C24-D5F0-42F0-9475-A4EC57A3C505}.Release|x64.ActiveCfg = Release|Any CPU
		{510B2C24-D5F0-42F0-9475-A4EC57A3C505}.Release|x64.Build.0 = Release|Any CPU
		{510B2C24-D5F0-42F0-9475-A4EC57A3C505}.Release|x64.Deploy.0 = Release|Any CPU
		{510B2C24-D5F0-42F0-9475-A4EC57A3C505}.Release|x86.ActiveCfg = Release|Any CPU
		{510B2C24-D5F0-42F0-9475-A4EC57A3C505}.Release|x86.Build.0 = Release|Any CPU
		{510B2C24-D5F0-42F0-9475-A4EC57A3C505}.Release|x86.Deploy.0 = Release|Any CPU
		{16E126F1-90AA-4F8B-B78E-07031C6AB6CD}.Debug|Any CPU.ActiveCfg = Debug|iPhone
		{16E126F1-90AA-4F8B-B78E-07031C6AB6CD}.Debug|Any CPU.Build.0 = Debug|iPhone
		{16E126F1-90AA-4F8B-B78E-07031C6AB6CD}.Debug|Any CPU.Deploy.0 = Debug|iPhone
		{16E126F1-90AA-4F8B-B78E-07031C6AB6CD}.Debug|ARM.ActiveCfg = Debug|iPhone
		{16E126F1-90AA-4F8B-B78E-07031C6AB6CD}.Debug|ARM.Build.0 = Debug|iPhone
		{16E126F1-90AA-4F8B-B78E-07031C6AB6CD}.Debug|ARM.Deploy.0 = Debug|iPhone
		{16E126F1-90AA-4F8B-B78E-07031C6AB6CD}.Debug|iPhone.ActiveCfg = Debug|iPhone
		{16E126F1-90AA-4F8B-B78E-07031C6AB6CD}.Debug|iPhone.Build.0 = Debug|iPhone
		{16E126F1-90AA-4F8B-B78E-07031C6AB6CD}.Debug|iPhone.Deploy.0 = Debug|iPhone
		{16E126F1-90AA-4F8B-B78E-07031C6AB6CD}.Debug|iPhoneSimulator.ActiveCfg = Debug|iPhoneSimulator
		{16E126F1-90AA-4F8B-B78E-07031C6AB6CD}.Debug|iPhoneSimulator.Build.0 = Debug|iPhoneSimulator
		{16E126F1-90AA-4F8B-B78E-07031C6AB6CD}.Debug|iPhoneSimulator.Deploy.0 = Debug|iPhoneSimulator
		{16E126F1-90AA-4F8B-B78E-07031C6AB6CD}.Debug|x64.ActiveCfg = Debug|iPhone
		{16E126F1-90AA-4F8B-B78E-07031C6AB6CD}.Debug|x64.Build.0 = Debug|iPhone
		{16E126F1-90AA-4F8B-B78E-07031C6AB6CD}.Debug|x64.Deploy.0 = Debug|iPhone
		{16E126F1-90AA-4F8B-B78E-07031C6AB6CD}.Debug|x86.ActiveCfg = Debug|iPhone
		{16E126F1-90AA-4F8B-B78E-07031C6AB6CD}.Debug|x86.Build.0 = Debug|iPhone
		{16E126F1-90AA-4F8B-B78E-07031C6AB6CD}.Debug|x86.Deploy.0 = Debug|iPhone
		{16E126F1-90AA-4F8B-B78E-07031C6AB6CD}.Release|Any CPU.ActiveCfg = Release|iPhone
		{16E126F1-90AA-4F8B-B78E-07031C6AB6CD}.Release|Any CPU.Build.0 = Release|iPhone
		{16E126F1-90AA-4F8B-B78E-07031C6AB6CD}.Release|Any CPU.Deploy.0 = Release|iPhone
		{16E126F1-90AA-4F8B-B78E-07031C6AB6CD}.Release|ARM.ActiveCfg = Release|iPhone
		{16E126F1-90AA-4F8B-B78E-07031C6AB6CD}.Release|ARM.Build.0 = Release|iPhone
		{16E126F1-90AA-4F8B-B78E-07031C6AB6CD}.Release|ARM.Deploy.0 = Release|iPhone
		{16E126F1-90AA-4F8B-B78E-07031C6AB6CD}.Release|iPhone.ActiveCfg = Release|iPhone
		{16E126F1-90AA-4F8B-B78E-07031C6AB6CD}.Release|iPhone.Build.0 = Release|iPhone
		{16E126F1-90AA-4F8B-B78E-07031C6AB6CD}.Release|iPhone.Deploy.0 = Release|iPhone
		{16E126F1-90AA-4F8B-B78E-07031C6AB6CD}.Release|iPhoneSimulator.ActiveCfg = Release|iPhoneSimulator
		{16E126F1-90AA-4F8B-B78E-07031C6AB6CD}.Release|iPhoneSimulator.Build.0 = Release|iPhoneSimulator
		{16E126F1-90AA-4F8B-B78E-07031C6AB6CD}.Release|iPhoneSimulator.Deploy.0 = Release|iPhoneSimulator
		{16E126F1-90AA-4F8B-B78E-07031C6AB6CD}.Release|x64.ActiveCfg = Release|iPhone
		{16E126F1-90AA-4F8B-B78E-07031C6AB6CD}.Release|x64.Build.0 = Release|iPhone
		{16E126F1-90AA-4F8B-B78E-07031C6AB6CD}.Release|x64.Deploy.0 = Release|iPhone
		{16E126F1-90AA-4F8B-B78E-07031C6AB6CD}.Release|x86.ActiveCfg = Release|iPhone
		{16E126F1-90AA-4F8B-B78E-07031C6AB6CD}.Release|x86.Build.0 = Release|iPhone
		{16E126F1-90AA-4F8B-B78E-07031C6AB6CD}.Release|x86.Deploy.0 = Release|iPhone
		{8C96B8C7-1DEA-4E3F-978F-10D0B1B7CA9F}.Debug|Any CPU.ActiveCfg = Debug|Any CPU
		{8C96B8C7-1DEA-4E3F-978F-10D0B1B7CA9F}.Debug|Any CPU.Build.0 = Debug|Any CPU
		{8C96B8C7-1DEA-4E3F-978F-10D0B1B7CA9F}.Debug|Any CPU.Deploy.0 = Debug|Any CPU
		{8C96B8C7-1DEA-4E3F-978F-10D0B1B7CA9F}.Debug|ARM.ActiveCfg = Debug|Any CPU
		{8C96B8C7-1DEA-4E3F-978F-10D0B1B7CA9F}.Debug|ARM.Build.0 = Debug|Any CPU
		{8C96B8C7-1DEA-4E3F-978F-10D0B1B7CA9F}.Debug|ARM.Deploy.0 = Debug|Any CPU
		{8C96B8C7-1DEA-4E3F-978F-10D0B1B7CA9F}.Debug|iPhone.ActiveCfg = Debug|Any CPU
		{8C96B8C7-1DEA-4E3F-978F-10D0B1B7CA9F}.Debug|iPhone.Build.0 = Debug|Any CPU
		{8C96B8C7-1DEA-4E3F-978F-10D0B1B7CA9F}.Debug|iPhone.Deploy.0 = Debug|Any CPU
		{8C96B8C7-1DEA-4E3F-978F-10D0B1B7CA9F}.Debug|iPhoneSimulator.ActiveCfg = Debug|Any CPU
		{8C96B8C7-1DEA-4E3F-978F-10D0B1B7CA9F}.Debug|iPhoneSimulator.Build.0 = Debug|Any CPU
		{8C96B8C7-1DEA-4E3F-978F-10D0B1B7CA9F}.Debug|iPhoneSimulator.Deploy.0 = Debug|Any CPU
		{8C96B8C7-1DEA-4E3F-978F-10D0B1B7CA9F}.Debug|x64.ActiveCfg = Debug|Any CPU
		{8C96B8C7-1DEA-4E3F-978F-10D0B1B7CA9F}.Debug|x64.Build.0 = Debug|Any CPU
		{8C96B8C7-1DEA-4E3F-978F-10D0B1B7CA9F}.Debug|x64.Deploy.0 = Debug|Any CPU
		{8C96B8C7-1DEA-4E3F-978F-10D0B1B7CA9F}.Debug|x86.ActiveCfg = Debug|Any CPU
		{8C96B8C7-1DEA-4E3F-978F-10D0B1B7CA9F}.Debug|x86.Build.0 = Debug|Any CPU
		{8C96B8C7-1DEA-4E3F-978F-10D0B1B7CA9F}.Debug|x86.Deploy.0 = Debug|Any CPU
		{8C96B8C7-1DEA-4E3F-978F-10D0B1B7CA9F}.Release|Any CPU.ActiveCfg = Release|Any CPU
		{8C96B8C7-1DEA-4E3F-978F-10D0B1B7CA9F}.Release|Any CPU.Build.0 = Release|Any CPU
		{8C96B8C7-1DEA-4E3F-978F-10D0B1B7CA9F}.Release|Any CPU.Deploy.0 = Release|Any CPU
		{8C96B8C7-1DEA-4E3F-978F-10D0B1B7CA9F}.Release|ARM.ActiveCfg = Release|Any CPU
		{8C96B8C7-1DEA-4E3F-978F-10D0B1B7CA9F}.Release|ARM.Build.0 = Release|Any CPU
		{8C96B8C7-1DEA-4E3F-978F-10D0B1B7CA9F}.Release|ARM.Deploy.0 = Release|Any CPU
		{8C96B8C7-1DEA-4E3F-978F-10D0B1B7CA9F}.Release|iPhone.ActiveCfg = Release|Any CPU
		{8C96B8C7-1DEA-4E3F-978F-10D0B1B7CA9F}.Release|iPhone.Build.0 = Release|Any CPU
		{8C96B8C7-1DEA-4E3F-978F-10D0B1B7CA9F}.Release|iPhone.Deploy.0 = Release|Any CPU
		{8C96B8C7-1DEA-4E3F-978F-10D0B1B7CA9F}.Release|iPhoneSimulator.ActiveCfg = Release|Any CPU
		{8C96B8C7-1DEA-4E3F-978F-10D0B1B7CA9F}.Release|iPhoneSimulator.Build.0 = Release|Any CPU
		{8C96B8C7-1DEA-4E3F-978F-10D0B1B7CA9F}.Release|iPhoneSimulator.Deploy.0 = Release|Any CPU
		{8C96B8C7-1DEA-4E3F-978F-10D0B1B7CA9F}.Release|x64.ActiveCfg = Release|Any CPU
		{8C96B8C7-1DEA-4E3F-978F-10D0B1B7CA9F}.Release|x64.Build.0 = Release|Any CPU
		{8C96B8C7-1DEA-4E3F-978F-10D0B1B7CA9F}.Release|x64.Deploy.0 = Release|Any CPU
		{8C96B8C7-1DEA-4E3F-978F-10D0B1B7CA9F}.Release|x86.ActiveCfg = Release|Any CPU
		{8C96B8C7-1DEA-4E3F-978F-10D0B1B7CA9F}.Release|x86.Build.0 = Release|Any CPU
		{8C96B8C7-1DEA-4E3F-978F-10D0B1B7CA9F}.Release|x86.Deploy.0 = Release|Any CPU
	EndGlobalSection
	GlobalSection(SolutionProperties) = preSolution
		HideSolutionNode = FALSE
	EndGlobalSection
	GlobalSection(ExtensibilityGlobals) = postSolution
		SolutionGuid = {FEFD1ABE-C277-4882-8627-289F19EE3065}
	EndGlobalSection
EndGlobal
